// !$*UTF8*$!
{
	archiveVersion = 1;
	classes = {
	};
	objectVersion = 56;
	objects = {

/* Begin PBXBuildFile section */
		D49E27462B0A43E200417DE0 /* MarvelHerosApp.swift in Sources */ = {isa = PBXBuildFile; fileRef = D49E27452B0A43E200417DE0 /* MarvelHerosApp.swift */; };
		D49E27482B0A43E200417DE0 /* ContentView.swift in Sources */ = {isa = PBXBuildFile; fileRef = D49E27472B0A43E200417DE0 /* ContentView.swift */; };
		D49E274A2B0A43E400417DE0 /* Assets.xcassets in Resources */ = {isa = PBXBuildFile; fileRef = D49E27492B0A43E400417DE0 /* Assets.xcassets */; };
		D49E274E2B0A43E400417DE0 /* Preview Assets.xcassets in Resources */ = {isa = PBXBuildFile; fileRef = D49E274D2B0A43E400417DE0 /* Preview Assets.xcassets */; };
		D49E27582B0A43E500417DE0 /* MarvelHerosTests.swift in Sources */ = {isa = PBXBuildFile; fileRef = D49E27572B0A43E500417DE0 /* MarvelHerosTests.swift */; };
		D49E27622B0A43E500417DE0 /* MarvelHerosUITests.swift in Sources */ = {isa = PBXBuildFile; fileRef = D49E27612B0A43E500417DE0 /* MarvelHerosUITests.swift */; };
		D49E27642B0A43E500417DE0 /* MarvelHerosUITestsLaunchTests.swift in Sources */ = {isa = PBXBuildFile; fileRef = D49E27632B0A43E500417DE0 /* MarvelHerosUITestsLaunchTests.swift */; };
		D49E27742B0A4C3B00417DE0 /* Hero.swift in Sources */ = {isa = PBXBuildFile; fileRef = D49E27732B0A4C3B00417DE0 /* Hero.swift */; };
		D49E27762B0A4D1D00417DE0 /* Photo.swift in Sources */ = {isa = PBXBuildFile; fileRef = D49E27752B0A4D1D00417DE0 /* Photo.swift */; };
		D49E27782B0A4D7100417DE0 /* Series.swift in Sources */ = {isa = PBXBuildFile; fileRef = D49E27772B0A4D7100417DE0 /* Series.swift */; };
		D49E277A2B0A4F6100417DE0 /* ResultHero.swift in Sources */ = {isa = PBXBuildFile; fileRef = D49E27792B0A4F6100417DE0 /* ResultHero.swift */; };
		D49E277C2B0A61F300417DE0 /* ResultSerie.swift in Sources */ = {isa = PBXBuildFile; fileRef = D49E277B2B0A61F300417DE0 /* ResultSerie.swift */; };
		D49E277F2B0A64C800417DE0 /* BaseNetwork.swift in Sources */ = {isa = PBXBuildFile; fileRef = D49E277E2B0A64C800417DE0 /* BaseNetwork.swift */; };
		D49E27812B0A6A9F00417DE0 /* HeroViewModel.swift in Sources */ = {isa = PBXBuildFile; fileRef = D49E27802B0A6A9F00417DE0 /* HeroViewModel.swift */; };
		D49E27852B0A70CB00417DE0 /* HerosView.swift in Sources */ = {isa = PBXBuildFile; fileRef = D49E27842B0A70CB00417DE0 /* HerosView.swift */; };
		D49E27872B0A70D700417DE0 /* HerosRowView.swift in Sources */ = {isa = PBXBuildFile; fileRef = D49E27862B0A70D700417DE0 /* HerosRowView.swift */; };
		D49E278A2B0A88B300417DE0 /* SeriesViewModel.swift in Sources */ = {isa = PBXBuildFile; fileRef = D49E27892B0A88B300417DE0 /* SeriesViewModel.swift */; };
		D49E278C2B0A929800417DE0 /* SeriesView.swift in Sources */ = {isa = PBXBuildFile; fileRef = D49E278B2B0A929800417DE0 /* SeriesView.swift */; };
		D49E278E2B0A930200417DE0 /* SerieView.swift in Sources */ = {isa = PBXBuildFile; fileRef = D49E278D2B0A930200417DE0 /* SerieView.swift */; };
		D4A4C0322B0AB21D001F0EC4 /* ViewInspector in Frameworks */ = {isa = PBXBuildFile; productRef = D4A4C0312B0AB21D001F0EC4 /* ViewInspector */; };
		D4A5DD5A2B0A9748004609AC /* DetailSerieView.swift in Sources */ = {isa = PBXBuildFile; fileRef = D4A5DD592B0A9748004609AC /* DetailSerieView.swift */; };
/* End PBXBuildFile section */

/* Begin PBXContainerItemProxy section */
		D49E27542B0A43E500417DE0 /* PBXContainerItemProxy */ = {
			isa = PBXContainerItemProxy;
			containerPortal = D49E273A2B0A43E200417DE0 /* Project object */;
			proxyType = 1;
			remoteGlobalIDString = D49E27412B0A43E200417DE0;
			remoteInfo = MarvelHeros;
		};
		D49E275E2B0A43E500417DE0 /* PBXContainerItemProxy */ = {
			isa = PBXContainerItemProxy;
			containerPortal = D49E273A2B0A43E200417DE0 /* Project object */;
			proxyType = 1;
			remoteGlobalIDString = D49E27412B0A43E200417DE0;
			remoteInfo = MarvelHeros;
		};
/* End PBXContainerItemProxy section */

/* Begin PBXFileReference section */
		D49E27422B0A43E200417DE0 /* MarvelHeros.app */ = {isa = PBXFileReference; explicitFileType = wrapper.application; includeInIndex = 0; path = MarvelHeros.app; sourceTree = BUILT_PRODUCTS_DIR; };
		D49E27452B0A43E200417DE0 /* MarvelHerosApp.swift */ = {isa = PBXFileReference; lastKnownFileType = sourcecode.swift; path = MarvelHerosApp.swift; sourceTree = "<group>"; };
		D49E27472B0A43E200417DE0 /* ContentView.swift */ = {isa = PBXFileReference; lastKnownFileType = sourcecode.swift; path = ContentView.swift; sourceTree = "<group>"; };
		D49E27492B0A43E400417DE0 /* Assets.xcassets */ = {isa = PBXFileReference; lastKnownFileType = folder.assetcatalog; path = Assets.xcassets; sourceTree = "<group>"; };
		D49E274B2B0A43E400417DE0 /* MarvelHeros.entitlements */ = {isa = PBXFileReference; lastKnownFileType = text.plist.entitlements; path = MarvelHeros.entitlements; sourceTree = "<group>"; };
		D49E274D2B0A43E400417DE0 /* Preview Assets.xcassets */ = {isa = PBXFileReference; lastKnownFileType = folder.assetcatalog; path = "Preview Assets.xcassets"; sourceTree = "<group>"; };
		D49E27532B0A43E500417DE0 /* MarvelHerosTests.xctest */ = {isa = PBXFileReference; explicitFileType = wrapper.cfbundle; includeInIndex = 0; path = MarvelHerosTests.xctest; sourceTree = BUILT_PRODUCTS_DIR; };
		D49E27572B0A43E500417DE0 /* MarvelHerosTests.swift */ = {isa = PBXFileReference; lastKnownFileType = sourcecode.swift; path = MarvelHerosTests.swift; sourceTree = "<group>"; };
		D49E275D2B0A43E500417DE0 /* MarvelHerosUITests.xctest */ = {isa = PBXFileReference; explicitFileType = wrapper.cfbundle; includeInIndex = 0; path = MarvelHerosUITests.xctest; sourceTree = BUILT_PRODUCTS_DIR; };
		D49E27612B0A43E500417DE0 /* MarvelHerosUITests.swift */ = {isa = PBXFileReference; lastKnownFileType = sourcecode.swift; path = MarvelHerosUITests.swift; sourceTree = "<group>"; };
		D49E27632B0A43E500417DE0 /* MarvelHerosUITestsLaunchTests.swift */ = {isa = PBXFileReference; lastKnownFileType = sourcecode.swift; path = MarvelHerosUITestsLaunchTests.swift; sourceTree = "<group>"; };
		D49E27732B0A4C3B00417DE0 /* Hero.swift */ = {isa = PBXFileReference; lastKnownFileType = sourcecode.swift; path = Hero.swift; sourceTree = "<group>"; };
		D49E27752B0A4D1D00417DE0 /* Photo.swift */ = {isa = PBXFileReference; lastKnownFileType = sourcecode.swift; path = Photo.swift; sourceTree = "<group>"; };
		D49E27772B0A4D7100417DE0 /* Series.swift */ = {isa = PBXFileReference; lastKnownFileType = sourcecode.swift; path = Series.swift; sourceTree = "<group>"; };
		D49E27792B0A4F6100417DE0 /* ResultHero.swift */ = {isa = PBXFileReference; lastKnownFileType = sourcecode.swift; path = ResultHero.swift; sourceTree = "<group>"; };
		D49E277B2B0A61F300417DE0 /* ResultSerie.swift */ = {isa = PBXFileReference; lastKnownFileType = sourcecode.swift; path = ResultSerie.swift; sourceTree = "<group>"; };
		D49E277E2B0A64C800417DE0 /* BaseNetwork.swift */ = {isa = PBXFileReference; lastKnownFileType = sourcecode.swift; path = BaseNetwork.swift; sourceTree = "<group>"; };
		D49E27802B0A6A9F00417DE0 /* HeroViewModel.swift */ = {isa = PBXFileReference; lastKnownFileType = sourcecode.swift; path = HeroViewModel.swift; sourceTree = "<group>"; };
		D49E27842B0A70CB00417DE0 /* HerosView.swift */ = {isa = PBXFileReference; lastKnownFileType = sourcecode.swift; path = HerosView.swift; sourceTree = "<group>"; };
		D49E27862B0A70D700417DE0 /* HerosRowView.swift */ = {isa = PBXFileReference; lastKnownFileType = sourcecode.swift; path = HerosRowView.swift; sourceTree = "<group>"; };
		D49E27882B0A7D4B00417DE0 /* Info.plist */ = {isa = PBXFileReference; lastKnownFileType = text.plist; path = Info.plist; sourceTree = "<group>"; };
		D49E27892B0A88B300417DE0 /* SeriesViewModel.swift */ = {isa = PBXFileReference; lastKnownFileType = sourcecode.swift; path = SeriesViewModel.swift; sourceTree = "<group>"; };
		D49E278B2B0A929800417DE0 /* SeriesView.swift */ = {isa = PBXFileReference; lastKnownFileType = sourcecode.swift; path = SeriesView.swift; sourceTree = "<group>"; };
		D49E278D2B0A930200417DE0 /* SerieView.swift */ = {isa = PBXFileReference; lastKnownFileType = sourcecode.swift; path = SerieView.swift; sourceTree = "<group>"; };
		D4A5DD592B0A9748004609AC /* DetailSerieView.swift */ = {isa = PBXFileReference; lastKnownFileType = sourcecode.swift; path = DetailSerieView.swift; sourceTree = "<group>"; };
/* End PBXFileReference section */

/* Begin PBXFrameworksBuildPhase section */
		D49E273F2B0A43E200417DE0 /* Frameworks */ = {
			isa = PBXFrameworksBuildPhase;
			buildActionMask = 2147483647;
			files = (
			);
			runOnlyForDeploymentPostprocessing = 0;
		};
		D49E27502B0A43E500417DE0 /* Frameworks */ = {
			isa = PBXFrameworksBuildPhase;
			buildActionMask = 2147483647;
			files = (
				D4A4C0322B0AB21D001F0EC4 /* ViewInspector in Frameworks */,
			);
			runOnlyForDeploymentPostprocessing = 0;
		};
		D49E275A2B0A43E500417DE0 /* Frameworks */ = {
			isa = PBXFrameworksBuildPhase;
			buildActionMask = 2147483647;
			files = (
			);
			runOnlyForDeploymentPostprocessing = 0;
		};
/* End PBXFrameworksBuildPhase section */

/* Begin PBXGroup section */
		D49E27392B0A43E200417DE0 = {
			isa = PBXGroup;
			children = (
				D49E27442B0A43E200417DE0 /* MarvelHeros */,
				D49E27562B0A43E500417DE0 /* MarvelHerosTests */,
				D49E27602B0A43E500417DE0 /* MarvelHerosUITests */,
				D49E27432B0A43E200417DE0 /* Products */,
			);
			sourceTree = "<group>";
		};
		D49E27432B0A43E200417DE0 /* Products */ = {
			isa = PBXGroup;
			children = (
				D49E27422B0A43E200417DE0 /* MarvelHeros.app */,
				D49E27532B0A43E500417DE0 /* MarvelHerosTests.xctest */,
				D49E275D2B0A43E500417DE0 /* MarvelHerosUITests.xctest */,
			);
			name = Products;
			sourceTree = "<group>";
		};
		D49E27442B0A43E200417DE0 /* MarvelHeros */ = {
			isa = PBXGroup;
			children = (
				D49E27882B0A7D4B00417DE0 /* Info.plist */,
				D49E277D2B0A64B700417DE0 /* Services */,
				D49E27722B0A4C2500417DE0 /* View */,
				D49E27712B0A4C1F00417DE0 /* ViewModel */,
				D49E27702B0A4C1B00417DE0 /* Model */,
				D49E27452B0A43E200417DE0 /* MarvelHerosApp.swift */,
				D49E27472B0A43E200417DE0 /* ContentView.swift */,
				D49E27492B0A43E400417DE0 /* Assets.xcassets */,
				D49E274B2B0A43E400417DE0 /* MarvelHeros.entitlements */,
				D49E274C2B0A43E400417DE0 /* Preview Content */,
			);
			path = MarvelHeros;
			sourceTree = "<group>";
		};
		D49E274C2B0A43E400417DE0 /* Preview Content */ = {
			isa = PBXGroup;
			children = (
				D49E274D2B0A43E400417DE0 /* Preview Assets.xcassets */,
			);
			path = "Preview Content";
			sourceTree = "<group>";
		};
		D49E27562B0A43E500417DE0 /* MarvelHerosTests */ = {
			isa = PBXGroup;
			children = (
				D49E27572B0A43E500417DE0 /* MarvelHerosTests.swift */,
			);
			path = MarvelHerosTests;
			sourceTree = "<group>";
		};
		D49E27602B0A43E500417DE0 /* MarvelHerosUITests */ = {
			isa = PBXGroup;
			children = (
				D49E27612B0A43E500417DE0 /* MarvelHerosUITests.swift */,
				D49E27632B0A43E500417DE0 /* MarvelHerosUITestsLaunchTests.swift */,
			);
			path = MarvelHerosUITests;
			sourceTree = "<group>";
		};
		D49E27702B0A4C1B00417DE0 /* Model */ = {
			isa = PBXGroup;
			children = (
				D49E27732B0A4C3B00417DE0 /* Hero.swift */,
				D49E27752B0A4D1D00417DE0 /* Photo.swift */,
				D49E27772B0A4D7100417DE0 /* Series.swift */,
				D49E27792B0A4F6100417DE0 /* ResultHero.swift */,
				D49E277B2B0A61F300417DE0 /* ResultSerie.swift */,
			);
			path = Model;
			sourceTree = "<group>";
		};
		D49E27712B0A4C1F00417DE0 /* ViewModel */ = {
			isa = PBXGroup;
			children = (
				D4A4C0332B0AB837001F0EC4 /* interactor */,
				D49E27802B0A6A9F00417DE0 /* HeroViewModel.swift */,
				D49E27892B0A88B300417DE0 /* SeriesViewModel.swift */,
			);
			path = ViewModel;
			sourceTree = "<group>";
		};
		D49E27722B0A4C2500417DE0 /* View */ = {
			isa = PBXGroup;
			children = (
				D49E27842B0A70CB00417DE0 /* HerosView.swift */,
				D49E27862B0A70D700417DE0 /* HerosRowView.swift */,
				D49E278B2B0A929800417DE0 /* SeriesView.swift */,
				D49E278D2B0A930200417DE0 /* SerieView.swift */,
				D4A5DD592B0A9748004609AC /* DetailSerieView.swift */,
			);
			path = View;
			sourceTree = "<group>";
		};
		D49E277D2B0A64B700417DE0 /* Services */ = {
			isa = PBXGroup;
			children = (
				D49E277E2B0A64C800417DE0 /* BaseNetwork.swift */,
			);
			path = Services;
			sourceTree = "<group>";
		};
		D4A4C0332B0AB837001F0EC4 /* interactor */ = {
			isa = PBXGroup;
			children = (
			);
			path = interactor;
			sourceTree = "<group>";
		};
/* End PBXGroup section */

/* Begin PBXNativeTarget section */
		D49E27412B0A43E200417DE0 /* MarvelHeros */ = {
			isa = PBXNativeTarget;
			buildConfigurationList = D49E27672B0A43E500417DE0 /* Build configuration list for PBXNativeTarget "MarvelHeros" */;
			buildPhases = (
				D49E273E2B0A43E200417DE0 /* Sources */,
				D49E273F2B0A43E200417DE0 /* Frameworks */,
				D49E27402B0A43E200417DE0 /* Resources */,
			);
			buildRules = (
			);
			dependencies = (
			);
			name = MarvelHeros;
			packageProductDependencies = (
			);
			productName = MarvelHeros;
			productReference = D49E27422B0A43E200417DE0 /* MarvelHeros.app */;
			productType = "com.apple.product-type.application";
		};
		D49E27522B0A43E500417DE0 /* MarvelHerosTests */ = {
			isa = PBXNativeTarget;
			buildConfigurationList = D49E276A2B0A43E500417DE0 /* Build configuration list for PBXNativeTarget "MarvelHerosTests" */;
			buildPhases = (
				D49E274F2B0A43E500417DE0 /* Sources */,
				D49E27502B0A43E500417DE0 /* Frameworks */,
				D49E27512B0A43E500417DE0 /* Resources */,
			);
			buildRules = (
			);
			dependencies = (
				D49E27552B0A43E500417DE0 /* PBXTargetDependency */,
			);
			name = MarvelHerosTests;
			packageProductDependencies = (
				D4A4C0312B0AB21D001F0EC4 /* ViewInspector */,
			);
			productName = MarvelHerosTests;
			productReference = D49E27532B0A43E500417DE0 /* MarvelHerosTests.xctest */;
			productType = "com.apple.product-type.bundle.unit-test";
		};
		D49E275C2B0A43E500417DE0 /* MarvelHerosUITests */ = {
			isa = PBXNativeTarget;
			buildConfigurationList = D49E276D2B0A43E500417DE0 /* Build configuration list for PBXNativeTarget "MarvelHerosUITests" */;
			buildPhases = (
				D49E27592B0A43E500417DE0 /* Sources */,
				D49E275A2B0A43E500417DE0 /* Frameworks */,
				D49E275B2B0A43E500417DE0 /* Resources */,
			);
			buildRules = (
			);
			dependencies = (
				D49E275F2B0A43E500417DE0 /* PBXTargetDependency */,
			);
			name = MarvelHerosUITests;
			productName = MarvelHerosUITests;
			productReference = D49E275D2B0A43E500417DE0 /* MarvelHerosUITests.xctest */;
			productType = "com.apple.product-type.bundle.ui-testing";
		};
/* End PBXNativeTarget section */

/* Begin PBXProject section */
		D49E273A2B0A43E200417DE0 /* Project object */ = {
			isa = PBXProject;
			attributes = {
				BuildIndependentTargetsInParallel = 1;
				LastSwiftUpdateCheck = 1500;
				LastUpgradeCheck = 1500;
				TargetAttributes = {
					D49E27412B0A43E200417DE0 = {
						CreatedOnToolsVersion = 15.0;
					};
					D49E27522B0A43E500417DE0 = {
						CreatedOnToolsVersion = 15.0;
						TestTargetID = D49E27412B0A43E200417DE0;
					};
					D49E275C2B0A43E500417DE0 = {
						CreatedOnToolsVersion = 15.0;
						TestTargetID = D49E27412B0A43E200417DE0;
					};
				};
			};
			buildConfigurationList = D49E273D2B0A43E200417DE0 /* Build configuration list for PBXProject "MarvelHeros" */;
			compatibilityVersion = "Xcode 14.0";
			developmentRegion = en;
			hasScannedForEncodings = 0;
			knownRegions = (
				en,
				Base,
			);
			mainGroup = D49E27392B0A43E200417DE0;
			packageReferences = (
				D4A4C0302B0AB21D001F0EC4 /* XCRemoteSwiftPackageReference "ViewInspector" */,
			);
			productRefGroup = D49E27432B0A43E200417DE0 /* Products */;
			projectDirPath = "";
			projectRoot = "";
			targets = (
				D49E27412B0A43E200417DE0 /* MarvelHeros */,
				D49E27522B0A43E500417DE0 /* MarvelHerosTests */,
				D49E275C2B0A43E500417DE0 /* MarvelHerosUITests */,
			);
		};
/* End PBXProject section */

/* Begin PBXResourcesBuildPhase section */
		D49E27402B0A43E200417DE0 /* Resources */ = {
			isa = PBXResourcesBuildPhase;
			buildActionMask = 2147483647;
			files = (
				D49E274E2B0A43E400417DE0 /* Preview Assets.xcassets in Resources */,
				D49E274A2B0A43E400417DE0 /* Assets.xcassets in Resources */,
			);
			runOnlyForDeploymentPostprocessing = 0;
		};
		D49E27512B0A43E500417DE0 /* Resources */ = {
			isa = PBXResourcesBuildPhase;
			buildActionMask = 2147483647;
			files = (
			);
			runOnlyForDeploymentPostprocessing = 0;
		};
		D49E275B2B0A43E500417DE0 /* Resources */ = {
			isa = PBXResourcesBuildPhase;
			buildActionMask = 2147483647;
			files = (
			);
			runOnlyForDeploymentPostprocessing = 0;
		};
/* End PBXResourcesBuildPhase section */

/* Begin PBXSourcesBuildPhase section */
		D49E273E2B0A43E200417DE0 /* Sources */ = {
			isa = PBXSourcesBuildPhase;
			buildActionMask = 2147483647;
			files = (
				D49E277A2B0A4F6100417DE0 /* ResultHero.swift in Sources */,
				D49E278A2B0A88B300417DE0 /* SeriesViewModel.swift in Sources */,
				D49E27872B0A70D700417DE0 /* HerosRowView.swift in Sources */,
				D49E27852B0A70CB00417DE0 /* HerosView.swift in Sources */,
				D49E277F2B0A64C800417DE0 /* BaseNetwork.swift in Sources */,
				D4A5DD5A2B0A9748004609AC /* DetailSerieView.swift in Sources */,
				D49E277C2B0A61F300417DE0 /* ResultSerie.swift in Sources */,
				D49E278E2B0A930200417DE0 /* SerieView.swift in Sources */,
				D49E27762B0A4D1D00417DE0 /* Photo.swift in Sources */,
				D49E27482B0A43E200417DE0 /* ContentView.swift in Sources */,
				D49E27462B0A43E200417DE0 /* MarvelHerosApp.swift in Sources */,
				D49E27742B0A4C3B00417DE0 /* Hero.swift in Sources */,
				D49E27812B0A6A9F00417DE0 /* HeroViewModel.swift in Sources */,
				D49E27782B0A4D7100417DE0 /* Series.swift in Sources */,
				D49E278C2B0A929800417DE0 /* SeriesView.swift in Sources */,
			);
			runOnlyForDeploymentPostprocessing = 0;
		};
		D49E274F2B0A43E500417DE0 /* Sources */ = {
			isa = PBXSourcesBuildPhase;
			buildActionMask = 2147483647;
			files = (
				D49E27582B0A43E500417DE0 /* MarvelHerosTests.swift in Sources */,
			);
			runOnlyForDeploymentPostprocessing = 0;
		};
		D49E27592B0A43E500417DE0 /* Sources */ = {
			isa = PBXSourcesBuildPhase;
			buildActionMask = 2147483647;
			files = (
				D49E27622B0A43E500417DE0 /* MarvelHerosUITests.swift in Sources */,
				D49E27642B0A43E500417DE0 /* MarvelHerosUITestsLaunchTests.swift in Sources */,
			);
			runOnlyForDeploymentPostprocessing = 0;
		};
/* End PBXSourcesBuildPhase section */

/* Begin PBXTargetDependency section */
		D49E27552B0A43E500417DE0 /* PBXTargetDependency */ = {
			isa = PBXTargetDependency;
			target = D49E27412B0A43E200417DE0 /* MarvelHeros */;
			targetProxy = D49E27542B0A43E500417DE0 /* PBXContainerItemProxy */;
		};
		D49E275F2B0A43E500417DE0 /* PBXTargetDependency */ = {
			isa = PBXTargetDependency;
			target = D49E27412B0A43E200417DE0 /* MarvelHeros */;
			targetProxy = D49E275E2B0A43E500417DE0 /* PBXContainerItemProxy */;
		};
/* End PBXTargetDependency section */

/* Begin XCBuildConfiguration section */
		D49E27652B0A43E500417DE0 /* Debug */ = {
			isa = XCBuildConfiguration;
			buildSettings = {
				ALWAYS_SEARCH_USER_PATHS = NO;
				ASSETCATALOG_COMPILER_GENERATE_SWIFT_ASSET_SYMBOL_EXTENSIONS = YES;
				CLANG_ANALYZER_NONNULL = YES;
				CLANG_ANALYZER_NUMBER_OBJECT_CONVERSION = YES_AGGRESSIVE;
				CLANG_CXX_LANGUAGE_STANDARD = "gnu++20";
				CLANG_ENABLE_MODULES = YES;
				CLANG_ENABLE_OBJC_ARC = YES;
				CLANG_ENABLE_OBJC_WEAK = YES;
				CLANG_WARN_BLOCK_CAPTURE_AUTORELEASING = YES;
				CLANG_WARN_BOOL_CONVERSION = YES;
				CLANG_WARN_COMMA = YES;
				CLANG_WARN_CONSTANT_CONVERSION = YES;
				CLANG_WARN_DEPRECATED_OBJC_IMPLEMENTATIONS = YES;
				CLANG_WARN_DIRECT_OBJC_ISA_USAGE = YES_ERROR;
				CLANG_WARN_DOCUMENTATION_COMMENTS = YES;
				CLANG_WARN_EMPTY_BODY = YES;
				CLANG_WARN_ENUM_CONVERSION = YES;
				CLANG_WARN_INFINITE_RECURSION = YES;
				CLANG_WARN_INT_CONVERSION = YES;
				CLANG_WARN_NON_LITERAL_NULL_CONVERSION = YES;
				CLANG_WARN_OBJC_IMPLICIT_RETAIN_SELF = YES;
				CLANG_WARN_OBJC_LITERAL_CONVERSION = YES;
				CLANG_WARN_OBJC_ROOT_CLASS = YES_ERROR;
				CLANG_WARN_QUOTED_INCLUDE_IN_FRAMEWORK_HEADER = YES;
				CLANG_WARN_RANGE_LOOP_ANALYSIS = YES;
				CLANG_WARN_STRICT_PROTOTYPES = YES;
				CLANG_WARN_SUSPICIOUS_MOVE = YES;
				CLANG_WARN_UNGUARDED_AVAILABILITY = YES_AGGRESSIVE;
				CLANG_WARN_UNREACHABLE_CODE = YES;
				CLANG_WARN__DUPLICATE_METHOD_MATCH = YES;
				COPY_PHASE_STRIP = NO;
				DEBUG_INFORMATION_FORMAT = dwarf;
				ENABLE_STRICT_OBJC_MSGSEND = YES;
				ENABLE_TESTABILITY = YES;
				ENABLE_USER_SCRIPT_SANDBOXING = YES;
				GCC_C_LANGUAGE_STANDARD = gnu17;
				GCC_DYNAMIC_NO_PIC = NO;
				GCC_NO_COMMON_BLOCKS = YES;
				GCC_OPTIMIZATION_LEVEL = 0;
				GCC_PREPROCESSOR_DEFINITIONS = (
					"DEBUG=1",
					"$(inherited)",
				);
				GCC_WARN_64_TO_32_BIT_CONVERSION = YES;
				GCC_WARN_ABOUT_RETURN_TYPE = YES_ERROR;
				GCC_WARN_UNDECLARED_SELECTOR = YES;
				GCC_WARN_UNINITIALIZED_AUTOS = YES_AGGRESSIVE;
				GCC_WARN_UNUSED_FUNCTION = YES;
				GCC_WARN_UNUSED_VARIABLE = YES;
				LOCALIZATION_PREFERS_STRING_CATALOGS = YES;
				MTL_ENABLE_DEBUG_INFO = INCLUDE_SOURCE;
				MTL_FAST_MATH = YES;
				ONLY_ACTIVE_ARCH = YES;
				SWIFT_ACTIVE_COMPILATION_CONDITIONS = "DEBUG $(inherited)";
				SWIFT_OPTIMIZATION_LEVEL = "-Onone";
			};
			name = Debug;
		};
		D49E27662B0A43E500417DE0 /* Release */ = {
			isa = XCBuildConfiguration;
			buildSettings = {
				ALWAYS_SEARCH_USER_PATHS = NO;
				ASSETCATALOG_COMPILER_GENERATE_SWIFT_ASSET_SYMBOL_EXTENSIONS = YES;
				CLANG_ANALYZER_NONNULL = YES;
				CLANG_ANALYZER_NUMBER_OBJECT_CONVERSION = YES_AGGRESSIVE;
				CLANG_CXX_LANGUAGE_STANDARD = "gnu++20";
				CLANG_ENABLE_MODULES = YES;
				CLANG_ENABLE_OBJC_ARC = YES;
				CLANG_ENABLE_OBJC_WEAK = YES;
				CLANG_WARN_BLOCK_CAPTURE_AUTORELEASING = YES;
				CLANG_WARN_BOOL_CONVERSION = YES;
				CLANG_WARN_COMMA = YES;
				CLANG_WARN_CONSTANT_CONVERSION = YES;
				CLANG_WARN_DEPRECATED_OBJC_IMPLEMENTATIONS = YES;
				CLANG_WARN_DIRECT_OBJC_ISA_USAGE = YES_ERROR;
				CLANG_WARN_DOCUMENTATION_COMMENTS = YES;
				CLANG_WARN_EMPTY_BODY = YES;
				CLANG_WARN_ENUM_CONVERSION = YES;
				CLANG_WARN_INFINITE_RECURSION = YES;
				CLANG_WARN_INT_CONVERSION = YES;
				CLANG_WARN_NON_LITERAL_NULL_CONVERSION = YES;
				CLANG_WARN_OBJC_IMPLICIT_RETAIN_SELF = YES;
				CLANG_WARN_OBJC_LITERAL_CONVERSION = YES;
				CLANG_WARN_OBJC_ROOT_CLASS = YES_ERROR;
				CLANG_WARN_QUOTED_INCLUDE_IN_FRAMEWORK_HEADER = YES;
				CLANG_WARN_RANGE_LOOP_ANALYSIS = YES;
				CLANG_WARN_STRICT_PROTOTYPES = YES;
				CLANG_WARN_SUSPICIOUS_MOVE = YES;
				CLANG_WARN_UNGUARDED_AVAILABILITY = YES_AGGRESSIVE;
				CLANG_WARN_UNREACHABLE_CODE = YES;
				CLANG_WARN__DUPLICATE_METHOD_MATCH = YES;
				COPY_PHASE_STRIP = NO;
				DEBUG_INFORMATION_FORMAT = "dwarf-with-dsym";
				ENABLE_NS_ASSERTIONS = NO;
				ENABLE_STRICT_OBJC_MSGSEND = YES;
				ENABLE_USER_SCRIPT_SANDBOXING = YES;
				GCC_C_LANGUAGE_STANDARD = gnu17;
				GCC_NO_COMMON_BLOCKS = YES;
				GCC_WARN_64_TO_32_BIT_CONVERSION = YES;
				GCC_WARN_ABOUT_RETURN_TYPE = YES_ERROR;
				GCC_WARN_UNDECLARED_SELECTOR = YES;
				GCC_WARN_UNINITIALIZED_AUTOS = YES_AGGRESSIVE;
				GCC_WARN_UNUSED_FUNCTION = YES;
				GCC_WARN_UNUSED_VARIABLE = YES;
				LOCALIZATION_PREFERS_STRING_CATALOGS = YES;
				MTL_ENABLE_DEBUG_INFO = NO;
				MTL_FAST_MATH = YES;
				SWIFT_COMPILATION_MODE = wholemodule;
			};
			name = Release;
		};
		D49E27682B0A43E500417DE0 /* Debug */ = {
			isa = XCBuildConfiguration;
			buildSettings = {
				ASSETCATALOG_COMPILER_APPICON_NAME = AppIcon;
				ASSETCATALOG_COMPILER_GLOBAL_ACCENT_COLOR_NAME = AccentColor;
				CODE_SIGN_ENTITLEMENTS = MarvelHeros/MarvelHeros.entitlements;
				CODE_SIGN_STYLE = Automatic;
				CURRENT_PROJECT_VERSION = 1;
				DEVELOPMENT_ASSET_PATHS = "\"MarvelHeros/Preview Content\"";
				ENABLE_PREVIEWS = YES;
				GENERATE_INFOPLIST_FILE = YES;
				INFOPLIST_FILE = MarvelHeros/Info.plist;
				INFOPLIST_KEY_CFBundleDisplayName = "";
				INFOPLIST_KEY_LSApplicationCategoryType = "";
				"INFOPLIST_KEY_UIApplicationSceneManifest_Generation[sdk=iphoneos*]" = YES;
				"INFOPLIST_KEY_UIApplicationSceneManifest_Generation[sdk=iphonesimulator*]" = YES;
				"INFOPLIST_KEY_UIApplicationSupportsIndirectInputEvents[sdk=iphoneos*]" = YES;
				"INFOPLIST_KEY_UIApplicationSupportsIndirectInputEvents[sdk=iphonesimulator*]" = YES;
				"INFOPLIST_KEY_UILaunchScreen_Generation[sdk=iphoneos*]" = YES;
				"INFOPLIST_KEY_UILaunchScreen_Generation[sdk=iphonesimulator*]" = YES;
				"INFOPLIST_KEY_UIStatusBarStyle[sdk=iphoneos*]" = UIStatusBarStyleDefault;
				"INFOPLIST_KEY_UIStatusBarStyle[sdk=iphonesimulator*]" = UIStatusBarStyleDefault;
				INFOPLIST_KEY_UISupportedInterfaceOrientations_iPad = "UIInterfaceOrientationPortrait UIInterfaceOrientationPortraitUpsideDown UIInterfaceOrientationLandscapeLeft UIInterfaceOrientationLandscapeRight";
				INFOPLIST_KEY_UISupportedInterfaceOrientations_iPhone = "UIInterfaceOrientationPortrait UIInterfaceOrientationLandscapeLeft UIInterfaceOrientationLandscapeRight";
				IPHONEOS_DEPLOYMENT_TARGET = 17.0;
				LD_RUNPATH_SEARCH_PATHS = "@executable_path/Frameworks";
				"LD_RUNPATH_SEARCH_PATHS[sdk=macosx*]" = "@executable_path/../Frameworks";
				MACOSX_DEPLOYMENT_TARGET = 14.0;
				MARKETING_VERSION = 1.0;
				PRODUCT_BUNDLE_IDENTIFIER = "natalia-hernandez.MarvelHeros";
				PRODUCT_NAME = "$(TARGET_NAME)";
				SDKROOT = auto;
				SUPPORTED_PLATFORMS = "iphoneos iphonesimulator macosx";
				SWIFT_EMIT_LOC_STRINGS = YES;
				SWIFT_VERSION = 5.0;
				TARGETED_DEVICE_FAMILY = "1,2";
			};
			name = Debug;
		};
		D49E27692B0A43E500417DE0 /* Release */ = {
			isa = XCBuildConfiguration;
			buildSettings = {
				ASSETCATALOG_COMPILER_APPICON_NAME = AppIcon;
				ASSETCATALOG_COMPILER_GLOBAL_ACCENT_COLOR_NAME = AccentColor;
				CODE_SIGN_ENTITLEMENTS = MarvelHeros/MarvelHeros.entitlements;
				CODE_SIGN_STYLE = Automatic;
				CURRENT_PROJECT_VERSION = 1;
				DEVELOPMENT_ASSET_PATHS = "\"MarvelHeros/Preview Content\"";
				ENABLE_PREVIEWS = YES;
				GENERATE_INFOPLIST_FILE = YES;
				INFOPLIST_FILE = MarvelHeros/Info.plist;
				INFOPLIST_KEY_CFBundleDisplayName = "";
				INFOPLIST_KEY_LSApplicationCategoryType = "";
				"INFOPLIST_KEY_UIApplicationSceneManifest_Generation[sdk=iphoneos*]" = YES;
				"INFOPLIST_KEY_UIApplicationSceneManifest_Generation[sdk=iphonesimulator*]" = YES;
				"INFOPLIST_KEY_UIApplicationSupportsIndirectInputEvents[sdk=iphoneos*]" = YES;
				"INFOPLIST_KEY_UIApplicationSupportsIndirectInputEvents[sdk=iphonesimulator*]" = YES;
				"INFOPLIST_KEY_UILaunchScreen_Generation[sdk=iphoneos*]" = YES;
				"INFOPLIST_KEY_UILaunchScreen_Generation[sdk=iphonesimulator*]" = YES;
				"INFOPLIST_KEY_UIStatusBarStyle[sdk=iphoneos*]" = UIStatusBarStyleDefault;
				"INFOPLIST_KEY_UIStatusBarStyle[sdk=iphonesimulator*]" = UIStatusBarStyleDefault;
				INFOPLIST_KEY_UISupportedInterfaceOrientations_iPad = "UIInterfaceOrientationPortrait UIInterfaceOrientationPortraitUpsideDown UIInterfaceOrientationLandscapeLeft UIInterfaceOrientationLandscapeRight";
				INFOPLIST_KEY_UISupportedInterfaceOrientations_iPhone = "UIInterfaceOrientationPortrait UIInterfaceOrientationLandscapeLeft UIInterfaceOrientationLandscapeRight";
				IPHONEOS_DEPLOYMENT_TARGET = 17.0;
				LD_RUNPATH_SEARCH_PATHS = "@executable_path/Frameworks";
				"LD_RUNPATH_SEARCH_PATHS[sdk=macosx*]" = "@executable_path/../Frameworks";
				MACOSX_DEPLOYMENT_TARGET = 14.0;
				MARKETING_VERSION = 1.0;
				PRODUCT_BUNDLE_IDENTIFIER = "natalia-hernandez.MarvelHeros";
				PRODUCT_NAME = "$(TARGET_NAME)";
				SDKROOT = auto;
				SUPPORTED_PLATFORMS = "iphoneos iphonesimulator macosx";
				SWIFT_EMIT_LOC_STRINGS = YES;
				SWIFT_VERSION = 5.0;
				TARGETED_DEVICE_FAMILY = "1,2";
			};
			name = Release;
		};
		D49E276B2B0A43E500417DE0 /* Debug */ = {
			isa = XCBuildConfiguration;
			buildSettings = {
				ALWAYS_EMBED_SWIFT_STANDARD_LIBRARIES = YES;
				BUNDLE_LOADER = "$(TEST_HOST)";
				CODE_SIGN_STYLE = Automatic;
				CURRENT_PROJECT_VERSION = 1;
				GENERATE_INFOPLIST_FILE = YES;
				IPHONEOS_DEPLOYMENT_TARGET = 17.0;
				MACOSX_DEPLOYMENT_TARGET = 14.0;
				MARKETING_VERSION = 1.0;
				PRODUCT_BUNDLE_IDENTIFIER = "natalia-hernandez.MarvelHerosTests";
				PRODUCT_NAME = "$(TARGET_NAME)";
				SDKROOT = auto;
				SUPPORTED_PLATFORMS = "iphoneos iphonesimulator macosx";
				SWIFT_EMIT_LOC_STRINGS = NO;
				SWIFT_VERSION = 5.0;
				TARGETED_DEVICE_FAMILY = "1,2";
				TEST_HOST = "$(BUILT_PRODUCTS_DIR)/MarvelHeros.app/$(BUNDLE_EXECUTABLE_FOLDER_PATH)/MarvelHeros";
			};
			name = Debug;
		};
		D49E276C2B0A43E500417DE0 /* Release */ = {
			isa = XCBuildConfiguration;
			buildSettings = {
				ALWAYS_EMBED_SWIFT_STANDARD_LIBRARIES = YES;
				BUNDLE_LOADER = "$(TEST_HOST)";
				CODE_SIGN_STYLE = Automatic;
				CURRENT_PROJECT_VERSION = 1;
				GENERATE_INFOPLIST_FILE = YES;
				IPHONEOS_DEPLOYMENT_TARGET = 17.0;
				MACOSX_DEPLOYMENT_TARGET = 14.0;
				MARKETING_VERSION = 1.0;
				PRODUCT_BUNDLE_IDENTIFIER = "natalia-hernandez.MarvelHerosTests";
				PRODUCT_NAME = "$(TARGET_NAME)";
				SDKROOT = auto;
				SUPPORTED_PLATFORMS = "iphoneos iphonesimulator macosx";
				SWIFT_EMIT_LOC_STRINGS = NO;
				SWIFT_VERSION = 5.0;
				TARGETED_DEVICE_FAMILY = "1,2";
				TEST_HOST = "$(BUILT_PRODUCTS_DIR)/MarvelHeros.app/$(BUNDLE_EXECUTABLE_FOLDER_PATH)/MarvelHeros";
			};
			name = Release;
		};
		D49E276E2B0A43E500417DE0 /* Debug */ = {
			isa = XCBuildConfiguration;
			buildSettings = {
				ALWAYS_EMBED_SWIFT_STANDARD_LIBRARIES = YES;
				CODE_SIGN_STYLE = Automatic;
				CURRENT_PROJECT_VERSION = 1;
				GENERATE_INFOPLIST_FILE = YES;
				IPHONEOS_DEPLOYMENT_TARGET = 17.0;
				MACOSX_DEPLOYMENT_TARGET = 14.0;
				MARKETING_VERSION = 1.0;
				PRODUCT_BUNDLE_IDENTIFIER = "natalia-hernandez.MarvelHerosUITests";
				PRODUCT_NAME = "$(TARGET_NAME)";
				SDKROOT = auto;
				SUPPORTED_PLATFORMS = "iphoneos iphonesimulator macosx";
				SWIFT_EMIT_LOC_STRINGS = NO;
				SWIFT_VERSION = 5.0;
				TARGETED_DEVICE_FAMILY = "1,2";
				TEST_TARGET_NAME = MarvelHeros;
			};
			name = Debug;
		};
		D49E276F2B0A43E500417DE0 /* Release */ = {
			isa = XCBuildConfiguration;
			buildSettings = {
				ALWAYS_EMBED_SWIFT_STANDARD_LIBRARIES = YES;
				CODE_SIGN_STYLE = Automatic;
				CURRENT_PROJECT_VERSION = 1;
				GENERATE_INFOPLIST_FILE = YES;
				IPHONEOS_DEPLOYMENT_TARGET = 17.0;
				MACOSX_DEPLOYMENT_TARGET = 14.0;
				MARKETING_VERSION = 1.0;
				PRODUCT_BUNDLE_IDENTIFIER = "natalia-hernandez.MarvelHerosUITests";
				PRODUCT_NAME = "$(TARGET_NAME)";
				SDKROOT = auto;
				SUPPORTED_PLATFORMS = "iphoneos iphonesimulator macosx";
				SWIFT_EMIT_LOC_STRINGS = NO;
				SWIFT_VERSION = 5.0;
				TARGETED_DEVICE_FAMILY = "1,2";
				TEST_TARGET_NAME = MarvelHeros;
			};
			name = Release;
		};
/* End XCBuildConfiguration section */

/* Begin XCConfigurationList section */
		D49E273D2B0A43E200417DE0 /* Build configuration list for PBXProject "MarvelHeros" */ = {
			isa = XCConfigurationList;
			buildConfigurations = (
				D49E27652B0A43E500417DE0 /* Debug */,
				D49E27662B0A43E500417DE0 /* Release */,
			);
			defaultConfigurationIsVisible = 0;
			defaultConfigurationName = Release;
		};
		D49E27672B0A43E500417DE0 /* Build configuration list for PBXNativeTarget "MarvelHeros" */ = {
			isa = XCConfigurationList;
			buildConfigurations = (
				D49E27682B0A43E500417DE0 /* Debug */,
				D49E27692B0A43E500417DE0 /* Release */,
			);
			defaultConfigurationIsVisible = 0;
			defaultConfigurationName = Release;
		};
		D49E276A2B0A43E500417DE0 /* Build configuration list for PBXNativeTarget "MarvelHerosTests" */ = {
			isa = XCConfigurationList;
			buildConfigurations = (
				D49E276B2B0A43E500417DE0 /* Debug */,
				D49E276C2B0A43E500417DE0 /* Release */,
			);
			defaultConfigurationIsVisible = 0;
			defaultConfigurationName = Release;
		};
		D49E276D2B0A43E500417DE0 /* Build configuration list for PBXNativeTarget "MarvelHerosUITests" */ = {
			isa = XCConfigurationList;
			buildConfigurations = (
				D49E276E2B0A43E500417DE0 /* Debug */,
				D49E276F2B0A43E500417DE0 /* Release */,
			);
			defaultConfigurationIsVisible = 0;
			defaultConfigurationName = Release;
		};
/* End XCConfigurationList section */

/* Begin XCRemoteSwiftPackageReference section */
		D4A4C0302B0AB21D001F0EC4 /* XCRemoteSwiftPackageReference "ViewInspector" */ = {
			isa = XCRemoteSwiftPackageReference;
			repositoryURL = "https://github.com/nalexn/ViewInspector";
			requirement = {
				kind = upToNextMajorVersion;
				minimumVersion = 0.9.8;
			};
		};
/* End XCRemoteSwiftPackageReference section */

/* Begin XCSwiftPackageProductDependency section */
		D4A4C0312B0AB21D001F0EC4 /* ViewInspector */ = {
			isa = XCSwiftPackageProductDependency;
			package = D4A4C0302B0AB21D001F0EC4 /* XCRemoteSwiftPackageReference "ViewInspector" */;
			productName = ViewInspector;
		};
/* End XCSwiftPackageProductDependency section */
	};
	rootObject = D49E273A2B0A43E200417DE0 /* Project object */;
}
